{
    "_meta": {
        "hash": {
            "sha256": "6ab4996b524916cc440710e97def286f93ba64859538416ce43e0b88c018fc48"
        },
        "host-environment-markers": {
            "implementation_name": "cpython",
            "implementation_version": "3.6.4",
            "os_name": "posix",
            "platform_machine": "x86_64",
            "platform_python_implementation": "CPython",
            "platform_release": "16.7.0",
            "platform_system": "Darwin",
            "platform_version": "Darwin Kernel Version 16.7.0: Thu Jan 11 22:59:40 PST 2018; root:xnu-3789.73.8~1/RELEASE_X86_64",
            "python_full_version": "3.6.4",
            "python_version": "3.6",
            "sys_platform": "darwin"
        },
        "pipfile-spec": 6,
        "requires": {
            "python_version": "3.6"
        },
        "sources": [
            {
                "name": "pypi",
                "url": "https://pypi.python.org/simple",
                "verify_ssl": true
            }
        ]
    },
    "default": {
        "cltk": {
            "hashes": [
                "sha256:a8b65516deeaa98e8ab5a57083f181576da560b5bb6302d12cf7fa0aa7320d8f"
            ],
            "version": "==0.1.83"
        },
        "gitdb2": {
            "hashes": [
                "sha256:cf9a4b68e8c4da8d42e48728c944ff7af2d8c9db303ac1ab32eac37aa4194b0e",
                "sha256:b60e29d4533e5e25bb50b7678bbc187c8f6bcff1344b4f293b2ba55c85795f09"
            ],
            "version": "==2.0.3"
        },
        "gitpython": {
            "hashes": [
                "sha256:b8367c432de995dc330b5b146c5bfdc0926b8496e100fda6692134e00c0dcdc5",
                "sha256:ad61bc25deadb535b047684d06f3654c001d9415e1971e51c9c20f5b510076e9"
            ],
            "version": "==2.1.8"
        },
        "nltk": {
            "hashes": [
                "sha256:2661f9971d983db314bbebd51ba770811a362c6597fd0f303bb1d3beadcb4834",
                "sha256:8a3bad9ff7f67d2828a7915c2fab93e6ca910c2015ef40799e1805fccf2354e5"
            ],
            "version": "==3.2.5"
        },
        "py2neo": {
            "hashes": [
                "sha256:8177a9b2c4d23a3ce26f02d3d6be92ac49cb7520e88ec1b41d8c6e86774938b8"
            ],
            "version": "==3.1.2"
        },
        "pycollatinus": {
            "hashes": [
                "sha256:7397c7708f9709c6280a7d72eb87ae8c6105d683069fe1a6850461ae41997a32"
            ],
            "version": "==0.1.5"
        },
        "python-crfsuite": {
            "hashes": [
                "sha256:3b36da634400dd1557bb947ddf009e6328e7ef76332054f6484e8cec6993b86e",
                "sha256:73b57919711499d2ff32843a28b2a6c17487630ba255a6aa4a093ee0a7f3b1fa",
                "sha256:bd3b5d73ca86928410473be4d3246730263a36fb0afd355f4ddec450ec5f881b",
                "sha256:d4ce2830fd0d8ec037deefe662633935fa4a4cccc8647ac0515181c939c2184a",
                "sha256:c94030f625e8139a41528d546c4b41cc223ee28f301af5d780eda10dcc96364c",
                "sha256:8b656eee39d0fdea760285b574c5517d309f943be98d87e42425d332cdf687ca",
                "sha256:470220d0f4be28769505c5cd8e2854ee25d748bc38d70f42811832031f245273",
                "sha256:968f8597f5df1ec54c5e72ce50775118a09f3c5737962e058f94a83da30d2a68",
                "sha256:19882b03d26abe075c280f3450829f520a36d17a050621e48109094ea94f4965",
                "sha256:5ad7395dcce74fd07fc031f1e6c1160ff7b43ea343129caa77fb8d8afe7e2ecb",
                "sha256:a8d191eac2c7a395a74ceade0e58eea0ad5de823200b7b995ecab29295cf027b",
                "sha256:942aa72793dad1f9b0d65991b4386e385c4bf9248d2072e0e058f6cbb41e15dc",
                "sha256:c52d38b7180e19b6f5430eb76ae6fb160a5be2f5630834ea71d592bc5bff3671",
                "sha256:6c03fe809957eaf9333816f52dd497678a013ee918c502a7a529b191ef19c694",
                "sha256:b7643090e8e068ca25b5525d81a61d001e6594f6fa62452a1cb536e238b23c99",
                "sha256:e7b73325a5b345d10b78018d6ca123c6348825c82f3670a169143050d087ee65",
                "sha256:b5c8b6a7bc194ca189db8cae6991d7fba0e1612c5c44297b989364e096a12a03",
                "sha256:96d0041722bfd9649b4f31971c25941cd9c01d4cbd4f774ba886ac6f77092f0b",
                "sha256:607f4276025b2217e326e6c9161308fb2ad7f881665bfff072dbedae6cdc9cf8",
                "sha256:7861c9c7635e868c67914e77ccf757e096387edf676f78425aa05b2f8b32ced7",
                "sha256:af63e6ed7635e5180bf278d0bd967097dcb295e0a58ba815a1c29d179479bfae",
                "sha256:10d84507d96d2870fba053d6659170113675762745e715befe0d9671d8988098",
                "sha256:e419b441ba39716f1b9095dc3ed7adf3115611504d8933e973a7036ccef4168f",
                "sha256:9daca96ada19b79353a022d77f38225a1dedfb632d6107a4846f8c1b5ace88a2",
                "sha256:dba43d4b1ccf1b1eb67a8adbfae788f3498e21997124010ad0f819dad3cf8b1d",
                "sha256:2e1cdceca173cf73360220737648acf87244c1ae98eebf9f41d7a86035d4eaac",
                "sha256:9e18d89a1996306bf44341b55dd5cda2afa5a6aeeb4ebb99240b26bce1e89bd2",
                "sha256:03c9415ce3e3e9d13e4df67c5fd4044d94039c4dec0f7e8446a303c2ea2356bf",
                "sha256:e91e424479ccec0038b44d5c83d60925c3d6e456018371cc2964625172e7eb64",
                "sha256:4f23a2184a4a455300b80e9c8f7604cf02ee882004472b163f5506d11754ff2a",
                "sha256:fea98866dd9cf8e1cb6f0053a1ef04497c0f56f54beda985f1a9dae83fb85594",
                "sha256:2248ee8004e8b182b58e933530f42dc294965be6b1141a30a27f55b7cff24015",
                "sha256:5f7d97ecd1de01583bf07bd610363f0497118dc059770285966561188a2f8579",
                "sha256:2be069bd54907c457f8067fec28b38bef01019c19f6200d25e987213bcb66e1c",
                "sha256:349d3c0f1cb2e395a7064e96701329d794b09d42c4c9177d2a3e3bd9e0e6635e",
                "sha256:73ee6493ee1fbec9e597e220d018629302f30a06590b2155c3b07e893ae9f3bd",
                "sha256:770c8e6b42f4c13e8da0294a8fee9e2bab813b57198b9514da2497f86c95373d",
                "sha256:47f10949a003439cdb7922b43177c96c2c1eea5c56ed2d17270c850bc86ccab3"
            ],
            "version": "==0.9.5"
        },
        "pyuca": {
            "hashes": [
                "sha256:abaa12e1bd2c7c68ca8396ff8383bc0654a739cef3ae68fd7af58bf29af0a91e",
                "sha256:8a382fe74627f08c0d18908c0713ca4a20aad5385f077579e56208beea2893b2"
            ],
            "version": "==1.2"
        },
        "pyyaml": {
            "hashes": [
                "sha256:3262c96a1ca437e7e4763e2843746588a965426550f3797a79fca9c6199c431f",
                "sha256:16b20e970597e051997d90dc2cddc713a2876c47e3d92d59ee198700c5427736",
                "sha256:e863072cdf4c72eebf179342c94e6989c67185842d9997960b3e69290b2fa269",
                "sha256:bc6bced57f826ca7cb5125a10b23fd0f2fff3b7c4701d64c439a300ce665fff8",
                "sha256:c01b880ec30b5a6e6aa67b09a2fe3fb30473008c85cd6a67359a1b15ed6d83a4",
                "sha256:827dc04b8fa7d07c44de11fabbc888e627fa8293b695e0f99cb544fdfa1bf0d1",
                "sha256:592766c6303207a20efc445587778322d7f73b161bd994f227adaa341ba212ab",
                "sha256:5f84523c076ad14ff5e6c037fe1c89a7f73a3e04cf0377cb4d017014976433f3",
                "sha256:0c507b7f74b3d2dd4d1322ec8a94794927305ab4cebbe89cc47fe5e81541e6e8",
                "sha256:b4c423ab23291d3945ac61346feeb9a0dc4184999ede5e7c43e1ffb975130ae6",
                "sha256:ca233c64c6e40eaa6c66ef97058cdc80e8d0157a443655baa1b2966e812807ca",
                "sha256:4474f8ea030b5127225b8894d626bb66c01cda098d47a2b0d3429b6700af9fd8",
                "sha256:326420cbb492172dec84b0f65c80942de6cedb5233c413dd824483989c000608",
                "sha256:5ac82e411044fb129bae5cfbeb3ba626acb2af31a8d17d175004b70862a741a7"
            ],
            "version": "==3.12"
        },
        "regex": {
            "hashes": [
                "sha256:333687d9a44738c486735955993f83bd22061a416c48f5a5f9e765e90cf1b0c9",
                "sha256:361a1fd703a35580a4714ec28d85e29780081a4c399a99bbfb2aee695d72aedb",
                "sha256:f69d1201a4750f763971ea8364ed95ee888fc128968b39d38883a72a4d005895",
                "sha256:a50532f61b23d4ab9d216a6214f359dd05c911c1a1ad20986b6738a782926c1a",
                "sha256:1b428a296531ea1642a7da48562746309c5c06471a97bd0c02dd6a82e9cecee8",
                "sha256:5b9c0ddd5b4afa08c9074170a2ea9b34ea296e32aeea522faaaaeeeb2fe0af2e",
                "sha256:27d72bb42dffb32516c28d218bb054ce128afd3e18464f30837166346758af67",
                "sha256:32cf4743debee9ea12d3626ee21eae83052763740e04086304e7a74778bf58c9",
                "sha256:35eeccf17af3b017a54d754e160af597036435c58eceae60f1dd1364ae1250c7",
                "sha256:be42a601aaaeb7a317f818490a39d153952a97c40c6e9beeb2a1103616405348",
                "sha256:eee4d94b1a626490fc8170ffd788883f8c641b576e11ba9b4a29c9f6623371e0",
                "sha256:32f6408dbca35040bc65f9f4ae1444d5546411fde989cb71443a182dd643305e",
                "sha256:a9243d7b359b72c681a2c32eaa7ace8d346b7e8ce09d172a683acf6853161d9c",
                "sha256:494bed6396a20d3aa6376bdf2d3fbb1005b8f4339558d8ac7b53256755f80303",
                "sha256:b44624a38d07d3c954c84ad302c29f7930f4bf01443beef5589e9157b14e2a29"
            ],
            "version": "==2018.2.21"
        },
        "six": {
            "hashes": [
                "sha256:832dc0e10feb1aa2c68dcc57dbb658f1c7e65b9b61af69048abc87a2db00a0eb",
                "sha256:70e8a77beed4562e7f14fe23a786b54f6296e34344c23bc42f07b15018ff98e9"
            ],
            "version": "==1.11.0"
        },
        "smmap2": {
            "hashes": [
                "sha256:b78ee0f1f5772d69ff50b1cbdb01b8c6647a8354f02f23b488cf4b2cfc923956",
                "sha256:c7530db63f15f09f8251094b22091298e82bf6c699a6b8344aaaef3f2e1276c3"
            ],
            "version": "==2.0.3"
        },
        "tabulate": {
            "hashes": [
                "sha256:e4ca13f26d0a6be2a2915428dc21e732f1e44dad7f76d7030b2ef1ec251cf7f2"
            ],
            "version": "==0.8.2"
        },
        "tqdm": {
            "hashes": [
                "sha256:05e991ecb0f874046ddcb374396a626afd046fb4d31f73633ea752b844458a7a",
                "sha256:2aea9f81fdf127048667e0ba22f5fc10ebc879fb838dc52dcf055242037ec1f7"
            ],
            "version": "==4.19.8"
        },
        "treetagger": {
            "editable": true,
            "git": "git@github.com/mromanello/treetagger-python.git",
            "ref": "26eaa228a9412d7b941c773fae0f2f0ff3eb9478"
        },
        "treetagger-python": {
            "editable": true,
            "git": "ssh://git@github.com/mromanello/treetagger-python.git"
        },
        "unidecode": {
            "hashes": [
                "sha256:61f807220eda0203a774a09f84b4304a3f93b5944110cc132af29ddb81366883",
                "sha256:280a6ab88e1f2eb5af79edff450021a0d3f0448952847cd79677e55e58bad051"
            ],
            "version": "==0.4.21"
        },
        "whoosh": {
            "hashes": [
                "sha256:aa39c3c3426e3fd107dcb4bde64ca1e276a65a889d9085a6e4b54ba82420a852",
                "sha256:7ca5633dbfa9e0e0fa400d3151a8a0c4bec53bd2ecedc0a67705b17565c31a83",
                "sha256:e0857375f63e9041e03fedd5b7541f97cf78917ac1b6b06c1fcc9b45375dda69"
            ],
            "version": "==2.7.4"
        }
    },
    "develop": {
        "appnope": {
            "hashes": [
                "sha256:5b26757dc6f79a3b7dc9fab95359328d5747fcb2409d331ea66d0272b90ab2a0",
                "sha256:8b995ffe925347a2138d7ac0fe77155e4311a0ea6d6da4f5128fe4b3cbe5ed71"
            ],
            "markers": "sys_platform == 'darwin'",
            "version": "==0.1.0"
        },
        "bleach": {
            "hashes": [
                "sha256:b8fa79e91f96c2c2cd9fd1f9eda906efb1b88b483048978ba62fef680e962b34",
                "sha256:eb7386f632349d10d9ce9d4a838b134d4731571851149f9cc2c05a9a837a9a44"
            ],
            "version": "==2.1.3"
        },
        "decorator": {
            "hashes": [
                "sha256:94d1d8905f5010d74bbbd86c30471255661a14187c45f8d7f3e5aa8540fdb2e5",
                "sha256:7d46dd9f3ea1cf5f06ee0e4e1277ae618cf48dfb10ada7c8427cd46c42702a0e"
            ],
            "version": "==4.2.1"
        },
        "entrypoints": {
            "hashes": [
                "sha256:10ad569bb245e7e2ba425285b9fa3e8178a0dc92fc53b1e1c553805e15a8825b",
                "sha256:d2d587dde06f99545fb13a383d2cd336a8ff1f359c5839ce3a64c917d10c029f"
            ],
            "version": "==0.2.3"
        },
        "html5lib": {
            "hashes": [
                "sha256:20b159aa3badc9d5ee8f5c647e5efd02ed2a66ab8d354930bd9ff139fc1dc0a3",
                "sha256:66cb0dcfdbbc4f9c3ba1a63fdb511ffdbd4f513b2b6d81b80cd26ce6b3fb3736"
            ],
            "version": "==1.0.1"
        },
        "ipykernel": {
            "hashes": [
                "sha256:395f020610e33ffa0b0c9c0cd1a1d927d51ab9aa9f30a7ae36bb0c908a33e89c",
                "sha256:935941dba29d856eee34b8b5261d971bd5012547239ed73ddfff099143748c37",
                "sha256:c091449dd0fad7710ddd9c4a06e8b9e15277da306590bc07a3a1afa6b4453c8f"
            ],
            "version": "==4.8.2"
        },
        "ipython": {
            "hashes": [
                "sha256:fcc6d46f08c3c4de7b15ae1c426e15be1b7932bcda9d83ce1a4304e8c1129df3",
                "sha256:51c158a6c8b899898d1c91c6b51a34110196815cc905f9be0fa5878e19355608"
            ],
            "version": "==6.2.1"
        },
        "ipython-genutils": {
            "hashes": [
                "sha256:72dd37233799e619666c9f639a9da83c34013a73e8bbc79a7a6348d93c61fab8",
                "sha256:eb2e116e75ecef9d4d228fdc66af54269afa26ab4463042e33785b887c628ba8"
            ],
            "version": "==0.2.0"
        },
        "ipywidgets": {
            "hashes": [
                "sha256:8db8a83ff94aa779bc75706640ca2fadacd589b65d757bcbca78dcc8a446e44c",
                "sha256:4263ce721a1e5b53a84c4595a5e296d270ae0dc534401b536f4dda64e0b0ca02"
            ],
            "version": "==7.1.2"
        },
        "jedi": {
            "hashes": [
                "sha256:d795f2c2e659f5ea39a839e5230d70a0b045d0daee7ca2403568d8f348d0ad89",
                "sha256:d6e799d04d1ade9459ed0f20de47c32f2285438956a677d083d3c98def59fa97"
            ],
            "version": "==0.11.1"
        },
        "jinja2": {
            "hashes": [
                "sha256:74c935a1b8bb9a3947c50a54766a969d4846290e1e788ea44c1392163723c3bd",
                "sha256:f84be1bb0040caca4cea721fcbbbbd61f9be9464ca236387158b0feea01914a4"
            ],
            "version": "==2.10"
        },
        "jsonschema": {
            "hashes": [
                "sha256:000e68abd33c972a5248544925a0cae7d1125f9bf6c58280d37546b946769a08",
                "sha256:6ff5f3180870836cae40f06fa10419f557208175f13ad7bc26caa77beb1f6e02"
            ],
            "version": "==2.6.0"
        },
        "jupyter": {
            "hashes": [
                "sha256:5b290f93b98ffbc21c0c7e749f054b3267782166d72fa5e3ed1ed4eaf34a2b78",
                "sha256:d9dc4b3318f310e34c82951ea5d6683f67bed7def4b259fafbfe4f1beb1d8e5f",
                "sha256:3e1f86076bbb7c8c207829390305a2b1fe836d471ed54be66a3b8c41e7f46cc7"
            ],
            "version": "==1.0.0"
        },
        "jupyter-client": {
            "hashes": [
                "sha256:59e6d791e22a8002ad0e80b78c6fd6deecab4f9e1b1aa1a22f4213de271b29ea",
                "sha256:27befcf0446b01e29853014d6a902dd101ad7d7f94e2252b1adca17c3466b761"
            ],
            "version": "==5.2.3"
        },
        "jupyter-console": {
            "hashes": [
                "sha256:3f928b817fc82cda95e431eb4c2b5eb21be5c483c2b43f424761a966bb808094",
                "sha256:545dedd3aaaa355148093c5609f0229aeb121b4852995c2accfa64fe3e0e55cd"
            ],
            "version": "==5.2.0"
        },
        "jupyter-contrib-core": {
            "hashes": [
                "sha256:1ec81e275a8f5858d56b0c4c6cd85335aa8e915001b8657fe51c620c3cdde50f",
                "sha256:e65bc0e932ff31801003cef160a4665f2812efe26a53801925a634735e9a5794"
            ],
            "version": "==0.3.3"
        },
        "jupyter-contrib-nbextensions": {
            "hashes": [
                "sha256:fd26224ed2ff2436da5cef95243e910d581821417ae958f21499d8e5b87687e0",
                "sha256:dd865981105ae02cfb268c6f2d75621499933295ffe0ceefdfe4310734faaab5"
            ],
            "version": "==0.4.0"
        },
        "jupyter-core": {
            "hashes": [
                "sha256:927d713ffa616ea11972534411544589976b2493fc7e09ad946e010aa7eb9970",
                "sha256:ba70754aa680300306c699790128f6fbd8c306ee5927976cbe48adacf240c0b7"
            ],
            "version": "==4.4.0"
        },
        "jupyter-highlight-selected-word": {
            "hashes": [
                "sha256:81bbed6b62ec83f24ea0471293b5a5730a5e127435d794c6b00a6ddc31046aee",
                "sha256:c6827d11d0d881efbae9bf807de2318ac850c857dad27b776b1b45a87b33aca4"
            ],
            "version": "==0.1.0"
        },
        "jupyter-latex-envs": {
            "hashes": [
                "sha256:b0a83e0cda2d33e61c4b2da94365d2de4dfcdc1ed67abdba3cbe390872cf5231"
            ],
            "version": "==1.4.4"
        },
        "jupyter-nbextensions-configurator": {
            "hashes": [
                "sha256:e2cea15dde24c9090104cf3ebedd6bcd354004cbea5e858b3776372ad50b7d46",
                "sha256:778f36a0996e622c224589327405583f4a539d183fa2fdaeecbc4397c1af9991"
            ],
            "version": "==0.4.0"
        },
        "lxml": {
            "hashes": [
                "sha256:65a272821d5d8194358d6b46f3ca727fa56a6b63981606eac737c86d27309cdd",
                "sha256:abbd2fb4a5a04c11b5e04eb146659a0cf67bb237dd3d7ca3b9994d3a9f826e55",
                "sha256:3682a17fbf72d56d7e46db2e80ca23850b79c28cfe75dcd9b82f58808f730909",
                "sha256:75322a531504d4f383264391d89993a42e286da8821ddc5ac315e57305cb84f0",
                "sha256:01c45df6d90497c20aa2a07789a41941f9a1029faa30bf725fc7f6d515b1afe9",
                "sha256:34d49d0f72dd82b9530322c48b70ac78cca0911275da741c3b1d2f3603c5f295",
                "sha256:1b46f37927fa6cd1f3fe34b54f1a23bd5bea1d905657289e08e1297069a1a597",
                "sha256:5b653c9379ce29ce271fbe1010c5396670f018e78b643e21beefbb3dc6d291de",
                "sha256:3cf2830b9a6ad7f6e965fa53a768d4d2372a7856f20ffa6ce43d2fe9c0d34b19",
                "sha256:1b164bba1320b14905dcff77da10d5ce9c411ac4acc4fb4ed9a2a4d10fae38c9",
                "sha256:c557ad647facb3c0027a9d0af58853f905e85a0a2f04dcb73f8e665272fcdc3a",
                "sha256:6b6379495d3baacf7ed755ac68547c8dff6ce5d37bf370f0b7678888dc1283f9",
                "sha256:8523fbde9c2216f3f2b950cb01ebe52e785eaa8a07ffeb456dd3576ca1b4fb9b",
                "sha256:a7182ea298cc3555ea56ffbb0748fe0d5e0d81451e2bc16d7f4645cd01b1ca70",
                "sha256:7f457cbda964257f443bac861d3a36732dcba8183149e7818ee2fb7c86901b94",
                "sha256:0c9fef4f8d444e337df96c54544aeb85b7215b2ed7483bb6c35de97ac99f1bcd",
                "sha256:7ff1fc76d8804e0f870c343a72007ff587090c218b0f92d8ee784ac2b6eaf5b9",
                "sha256:accc9f6b77bed0a6f267b4fae120f6008a951193d548cdbe9b61fc98a08b1cf8",
                "sha256:bd88c8ce0d1504fdfd96a35911dd4f3edfb2e560d7cfdb5a3d09aa571ae5fbae",
                "sha256:defabb7fbb99f9f7b3e0b24b286a46855caef4776495211b066e9e6592d12b04",
                "sha256:231047b05907315ae9a9b6925751f9fd2c479cf7b100fff62485a25e382ca0d4",
                "sha256:0e7996e9b46b4d8b4ac1c329a00e2d10edcd8380b95d2a676fccabf4c1dd0512",
                "sha256:691f2cd97cf026c611df1ea5055755eec7f878f2d4f4330dc8686583de6fc5fd",
                "sha256:1858b1933d483ec5727549d3fe166eeb54229fbd6a9d3d7ea26d2c8a28048058",
                "sha256:0e3cd94c95d30ba9ca3cff40e9b2a14e1a10a4fd8131105b86c6b61648f57e4b",
                "sha256:28f0c6652c1b130f1e576b60532f84b19379485eb8da6185c29bd8c9c9bc97bf",
                "sha256:8f37627f16e026523fca326f1b5c9a43534862fede6c3e99c2ba6a776d75c1ab",
                "sha256:e2629cdbcad82b83922a3488937632a4983ecc0fed3e5cfbf430d069382eeb9b"
            ],
            "version": "==4.2.1"
        },
        "markupsafe": {
            "hashes": [
                "sha256:a6be69091dac236ea9c6bc7d012beab42010fa914c459791d627dad4910eb665"
            ],
            "version": "==1.0"
        },
        "mistune": {
            "hashes": [
                "sha256:b4c512ce2fc99e5a62eb95a4aba4b73e5f90264115c40b70a21e1f7d4e0eac91",
                "sha256:bc10c33bfdcaa4e749b779f62f60d6e12f8215c46a292d05e486b869ae306619"
            ],
            "version": "==0.8.3"
        },
        "nbconvert": {
            "hashes": [
                "sha256:260d390b989a647575b8ecae2cd06a9eaead10d396733d6e50185d5ebd08996e",
                "sha256:12b1a4671d4463ab73af6e4cbcc965b62254e05d182cd54995dda0d0ef9e2db9"
            ],
            "version": "==5.3.1"
        },
        "nbformat": {
            "hashes": [
                "sha256:b9a0dbdbd45bb034f4f8893cafd6f652ea08c8c1674ba83f2dc55d3955743b0b",
                "sha256:f7494ef0df60766b7cabe0a3651556345a963b74dbc16bc7c18479041170d402"
            ],
            "version": "==4.4.0"
        },
        "notebook": {
            "hashes": [
                "sha256:b4e6a73becdf43fd303e1cf98d631c972ee139c077a448dc370684a6c568eacd",
                "sha256:7d6143d10e9b026df888e0b2936ceff1827ef2f2087646b4dd475c8dcef58606"
            ],
            "version": "==5.4.1"
        },
        "pandocfilters": {
            "hashes": [
                "sha256:b3dd70e169bb5449e6bc6ff96aea89c5eea8c5f6ab5e207fc2f521a2cf4a0da9"
            ],
            "version": "==1.4.2"
        },
        "parso": {
            "hashes": [
                "sha256:a7bb86fe0844304869d1c08e8bd0e52be931228483025c422917411ab82d628a",
                "sha256:5815f3fe254e5665f3c5d6f54f086c2502035cb631a91341591b5a564203cffb"
            ],
            "version": "==0.1.1"
        },
        "pexpect": {
            "hashes": [
                "sha256:6ff881b07aff0cb8ec02055670443f784434395f90c3285d2ae470f921ade52a",
                "sha256:67b85a1565968e3d5b5e7c9283caddc90c3947a2625bed1905be27bd5a03e47d"
            ],
            "markers": "sys_platform != 'win32'",
            "version": "==4.4.0"
        },
        "pickleshare": {
            "hashes": [
                "sha256:c9a2541f25aeabc070f12f452e1f2a8eae2abd51e1cd19e8430402bdf4c1d8b5",
                "sha256:84a9257227dfdd6fe1b4be1319096c20eb85ff1e82c7932f36efccfe1b09737b"
            ],
            "version": "==0.7.4"
        },
        "prompt-toolkit": {
            "hashes": [
                "sha256:3f473ae040ddaa52b52f97f6b4a493cfa9f5920c255a12dc56a7d34397a398a4",
                "sha256:1df952620eccb399c53ebb359cc7d9a8d3a9538cb34c5a1344bdbeb29fbcc381",
                "sha256:858588f1983ca497f1cf4ffde01d978a3ea02b01c8a26a8bbc5cd2e66d816917"
            ],
            "version": "==1.0.15"
        },
        "ptyprocess": {
            "hashes": [
                "sha256:e8c43b5eee76b2083a9badde89fd1bbce6c8942d1045146e100b7b5e014f4f1a",
                "sha256:e64193f0047ad603b71f202332ab5527c5e52aa7c8b609704fc28c0dc20c4365"
            ],
            "markers": "os_name != 'nt'",
            "version": "==0.5.2"
        },
        "pygments": {
            "hashes": [
                "sha256:78f3f434bcc5d6ee09020f92ba487f95ba50f1e3ef83ae96b9d5ffa1bab25c5d",
                "sha256:dbae1046def0efb574852fab9e90209b23f556367b5a320c0bcb871c77c3e8cc"
            ],
            "version": "==2.2.0"
        },
        "python-dateutil": {
            "hashes": [
                "sha256:07009062406cffd554a9b4135cd2ff167c9bf6b7aac61fe946c93e69fad1bbd8",
                "sha256:8f95bb7e6edbb2456a51a1fb58c8dca942024b4f5844cae62c90aa88afe6e300"
            ],
            "version": "==2.7.0"
        },
        "pyyaml": {
            "hashes": [
                "sha256:3262c96a1ca437e7e4763e2843746588a965426550f3797a79fca9c6199c431f",
                "sha256:16b20e970597e051997d90dc2cddc713a2876c47e3d92d59ee198700c5427736",
                "sha256:e863072cdf4c72eebf179342c94e6989c67185842d9997960b3e69290b2fa269",
                "sha256:bc6bced57f826ca7cb5125a10b23fd0f2fff3b7c4701d64c439a300ce665fff8",
                "sha256:c01b880ec30b5a6e6aa67b09a2fe3fb30473008c85cd6a67359a1b15ed6d83a4",
                "sha256:827dc04b8fa7d07c44de11fabbc888e627fa8293b695e0f99cb544fdfa1bf0d1",
                "sha256:592766c6303207a20efc445587778322d7f73b161bd994f227adaa341ba212ab",
                "sha256:5f84523c076ad14ff5e6c037fe1c89a7f73a3e04cf0377cb4d017014976433f3",
                "sha256:0c507b7f74b3d2dd4d1322ec8a94794927305ab4cebbe89cc47fe5e81541e6e8",
                "sha256:b4c423ab23291d3945ac61346feeb9a0dc4184999ede5e7c43e1ffb975130ae6",
                "sha256:ca233c64c6e40eaa6c66ef97058cdc80e8d0157a443655baa1b2966e812807ca",
                "sha256:4474f8ea030b5127225b8894d626bb66c01cda098d47a2b0d3429b6700af9fd8",
                "sha256:326420cbb492172dec84b0f65c80942de6cedb5233c413dd824483989c000608",
                "sha256:5ac82e411044fb129bae5cfbeb3ba626acb2af31a8d17d175004b70862a741a7"
            ],
            "version": "==3.12"
        },
        "pyzmq": {
            "hashes": [
                "sha256:2fb4d745ffe0a65ebf8fd29df093bb5c0ac96a506cb05b9a7b7c94b2524ae7f6",
                "sha256:b89268020a843d4c3cc04180577ec061fe96d35f267b0b672cb006e4d70560da",
                "sha256:d51eb3902d27d691483243707bfa67972167a70269bbbc172b74eeac4f780a1d",
                "sha256:e5578ae84bb94e97adadfcb00106a1cb161cb8017f89b01f6c3737f356257811",
                "sha256:4193cc666591495ab7fe8d24fa8374a35f9775f16dc7c46e03615559e1fc1855",
                "sha256:b328c538061757f627d32f7f8885c16f1d2f59f5374e057822f3c8e6cd94c41b",
                "sha256:18de8a02768b1c0b3495ac635b24bd902fafc08befb70a6e68c4d343ccbd6cbd",
                "sha256:fb983aec4bddee3680a0b7395f99e4595d70d81841370da736c5dc642bad4cd2",
                "sha256:ad5a8b19b6671b52d30ccfc3a0f4c600e49c4e2dcc88caf4106ed5958dec8d5e",
                "sha256:767e1d0b1f7fff1950127abc08c5a5af2754987bc6480c6d641bed6971278a7a",
                "sha256:c30d27c9b35285597b8ef3019f97b9b98457b053f65dcc87a90dfdd4db09ca78",
                "sha256:bdb12b485b3440b5193cd337d27cc126cdfc54ea9f38df237e1ead6216435cbe",
                "sha256:ba0b43aebf856e5e249250d74c1232d6600b6859328920d12e2ba72a565ab1b1",
                "sha256:630fb21f7474eb9e409a1ad476bf1ec489a69eb021172d422f2485cc3a44cd79",
                "sha256:6c3632d2c17cf03ce728ffaa328d45bb053623b3a0aa9747adcde81778d5a4d5",
                "sha256:538dfdd9542cf9ff37cd958da03b58d56b53b90800159ea07adc51a8ec7ffcb8",
                "sha256:613ac1fc4591b1c6a0a52ce3ed17dbffd6a17e985df504e8b4cdb987f97285b1",
                "sha256:a0ecf4c3eccd92f030a4e3e334b9da6fa3ee86be00249343c74e476d70567d0f",
                "sha256:863ec1bfa52da6eaa5c4aa59143eeaeb4ef7a076862407a548ec645f25e6d6df",
                "sha256:f35b4cdeffff79357a9d929daa2a8620fb362b2cbeebdc5dd2cf9fcd27c44821",
                "sha256:445fed4d71ac48da258ba38f2e29c88c5091124212a4004a0a6a42e6586a7de1",
                "sha256:b31f2b50ad2920f21b904f5edf66bee324e42bb978df1407ecf381b210d4678e",
                "sha256:0145ae59139b41f65e047a3a9ed11bbc36e37d5e96c64382fcdff911c4d8c3f0"
            ],
            "version": "==17.0.0"
        },
        "qtconsole": {
            "hashes": [
                "sha256:b3d10314cbaad76c3157cf922eb410812cde472e8e7c6bd3d5a92d30145bcde1",
                "sha256:eff8c2faeda567a0bef5781f419a64e9977988db101652b312b9d74ec0a5109c"
            ],
            "version": "==4.3.1"
        },
        "send2trash": {
            "hashes": [
                "sha256:f1691922577b6fa12821234aeb57599d887c4900b9ca537948d2dac34aea888b",
                "sha256:60001cc07d707fe247c94f74ca6ac0d3255aabcb930529690897ca2a39db28b2"
            ],
            "version": "==1.5.0"
        },
        "simplegeneric": {
            "hashes": [
                "sha256:dc972e06094b9af5b855b3df4a646395e43d1c9d0d39ed345b7393560d0b9173"
            ],
            "version": "==0.8.1"
        },
        "six": {
            "hashes": [
                "sha256:832dc0e10feb1aa2c68dcc57dbb658f1c7e65b9b61af69048abc87a2db00a0eb",
                "sha256:70e8a77beed4562e7f14fe23a786b54f6296e34344c23bc42f07b15018ff98e9"
            ],
            "version": "==1.11.0"
        },
        "terminado": {
            "hashes": [
                "sha256:65011551baff97f5414c67018e908110693143cfbaeb16831b743fe7cad8b927",
                "sha256:55abf9ade563b8f9be1f34e4233c7b7bde726059947a593322e8a553cc4c067a"
            ],
            "version": "==0.8.1"
        },
        "testpath": {
            "hashes": [
                "sha256:039fa6a6c9fd3488f8336d23aebbfead5fa602c4a47d49d83845f55a595ec1b4",
                "sha256:0d5337839c788da5900df70f8e01015aec141aa3fe7936cb0d0a2953f7ac7609"
            ],
            "version": "==0.3.1"
        },
        "tornado": {
            "hashes": [
                "sha256:69194436190b777abf0b631a692b0b29ba4157d18eeee07327b486e033b944dc",
                "sha256:186ba4f280429a24120f329c7c08ea91818ff6bf47ed2ccb66f8f460698fc4ed",
                "sha256:b5bf7407f88327b80e666dabf91a1e7beb11236855a5c65ba5cf0e9e25ae296b",
                "sha256:4d192236a9ffee54cb0032f22a8a0cfa64258872f1d83d71f3356681f69a37be",
                "sha256:3e9a2333362d3dad7876d902595b64aea1a2f91d0df13191ea1f8bca5a447771"
            ],
            "version": "==5.0.1"
        },
        "traitlets": {
            "hashes": [
                "sha256:c6cb5e6f57c5a9bdaa40fa71ce7b4af30298fbab9ece9815b5d995ab6217c7d9",
                "sha256:9c4bd2d267b7153df9152698efb1050a5d84982d3384a37b2c1f7723ba3e7835"
            ],
            "version": "==4.3.2"
        },
        "wcwidth": {
            "hashes": [
                "sha256:f4ebe71925af7b40a864553f761ed559b43544f8f71746c2d756c7fe788ade7c",
                "sha256:3df37372226d6e63e1b1e1eda15c594bca98a22d33a23832a90998faa96bc65e"
            ],
            "version": "==0.1.7"
        },
        "webencodings": {
            "hashes": [
                "sha256:a0af1213f3c2226497a97e2b3aa01a7e4bee4f403f95be16fc9acd2947514a78",
                "sha256:b36a1c245f2d304965eb4e0a82848379241dc04b865afcc4aab16748587e1923"
            ],
            "version": "==0.5.1"
        },
        "widgetsnbextension": {
            "hashes": [
                "sha256:e53a8b3c9ab680f40ba6e24d712c854e932d9993523a915df3f39e1cd111e1ec",
                "sha256:79f164a644620abbe351440a70468ac3a5b22b392afa4577c8d5f91577a2669b"
            ],
            "version": "==3.1.4"
        }
    }
}
